
Microsoft Visual Studio Solution File, Format Version 12.00
# Visual Studio Version 17
VisualStudioVersion = 17.8.34525.116
MinimumVisualStudioVersion = 10.0.40219.1
Project("{FAE04EC0-301F-11D3-BF4B-00C04F79EFBC}") = "StudentAPICrud", "StudentAPICrud\StudentAPICrud.csproj", "{E5DE2035-CFD5-4F8D-805A-447DE03C7037}"
EndProject
Global
	GlobalSection(SolutionConfigurationPlatforms) = preSolution
		Debug|Any CPU = Debug|Any CPU
		Release|Any CPU = Release|Any CPU
	EndGlobalSection
	GlobalSection(ProjectConfigurationPlatforms) = postSolution
		{E5DE2035-CFD5-4F8D-805A-447DE03C7037}.Debug|Any CPU.ActiveCfg = Debug|Any CPU
		{E5DE2035-CFD5-4F8D-805A-447DE03C7037}.Debug|Any CPU.Build.0 = Debug|Any CPU
		{E5DE2035-CFD5-4F8D-805A-447DE03C7037}.Release|Any CPU.ActiveCfg = Release|Any CPU
		{E5DE2035-CFD5-4F8D-805A-447DE03C7037}.Release|Any CPU.Build.0 = Release|Any CPU
	EndGlobalSection
	GlobalSection(SolutionProperties) = preSolution
		HideSolutionNode = FALSE
	EndGlobalSection
	GlobalSection(ExtensibilityGlobals) = postSolution
		SolutionGuid = {6D9E6DD6-CCF8-4085-A6BD-297F89FD619C}
	EndGlobalSection
EndGlobal
